
Microsoft Visual Studio Solution File, Format Version 12.00
# Visual Studio Version 17
VisualStudioVersion = 17.4.33205.214
MinimumVisualStudioVersion = 10.0.40219.1
Project("{FAE04EC0-301F-11D3-BF4B-00C04F79EFBC}") = "EleccionesMVC", "EleccionesMVC\EleccionesMVC.csproj", "{C852BF29-FFB7-4EE6-BA7A-238473104884}"
EndProject
Global
	GlobalSection(SolutionConfigurationPlatforms) = preSolution
		Debug|Any CPU = Debug|Any CPU
		Release|Any CPU = Release|Any CPU
	EndGlobalSection
	GlobalSection(ProjectConfigurationPlatforms) = postSolution
		{C852BF29-FFB7-4EE6-BA7A-238473104884}.Debug|Any CPU.ActiveCfg = Debug|Any CPU
		{C852BF29-FFB7-4EE6-BA7A-238473104884}.Debug|Any CPU.Build.0 = Debug|Any CPU
		{C852BF29-FFB7-4EE6-BA7A-238473104884}.Release|Any CPU.ActiveCfg = Release|Any CPU
		{C852BF29-FFB7-4EE6-BA7A-238473104884}.Release|Any CPU.Build.0 = Release|Any CPU
	EndGlobalSection
	GlobalSection(SolutionProperties) = preSolution
		HideSolutionNode = FALSE
	EndGlobalSection
	GlobalSection(ExtensibilityGlobals) = postSolution
		SolutionGuid = {0E477716-4673-464B-9007-45BC2E90E2CE}
	EndGlobalSection
EndGlobal
